PODS:
  - Flutter (1.0.0)
  - flutter_kepler (0.0.1):
    - Flutter

DEPENDENCIES:
  - Flutter (from `.symlinks/flutter/ios`)
  - flutter_kepler (from `.symlinks/plugins/flutter_kepler/ios`)

EXTERNAL SOURCES:
  Flutter:
    :path: ".symlinks/flutter/ios"
  flutter_kepler:
    :path: ".symlinks/plugins/flutter_kepler/ios"

SPEC CHECKSUMS:
  Flutter: 0e3d915762c693b495b44d77113d4970485de6ec
  flutter_kepler: 7637f5d9fc9139c071eed0685c6333504ac81e9b

PODFILE CHECKSUM: 7fb83752f59ead6285236625b82473f90b1cb932

COCOAPODS: 1.6.1
